
Microsoft Visual Studio Solution File, Format Version 12.00
# Visual Studio Version 17
VisualStudioVersion = 17.7.34221.43
MinimumVisualStudioVersion = 10.0.40219.1
Project("{FAE04EC0-301F-11D3-BF4B-00C04F79EFBC}") = "VALB3", "VALB3\VALB3.csproj", "{8A080728-9843-4B3E-BABC-BB324A27F4A5}"
EndProject
Global
	GlobalSection(SolutionConfigurationPlatforms) = preSolution
		Debug|Any CPU = Debug|Any CPU
		Release|Any CPU = Release|Any CPU
	EndGlobalSection
	GlobalSection(ProjectConfigurationPlatforms) = postSolution
		{8A080728-9843-4B3E-BABC-BB324A27F4A5}.Debug|Any CPU.ActiveCfg = Debug|Any CPU
		{8A080728-9843-4B3E-BABC-BB324A27F4A5}.Debug|Any CPU.Build.0 = Debug|Any CPU
		{8A080728-9843-4B3E-BABC-BB324A27F4A5}.Release|Any CPU.ActiveCfg = Release|Any CPU
		{8A080728-9843-4B3E-BABC-BB324A27F4A5}.Release|Any CPU.Build.0 = Release|Any CPU
	EndGlobalSection
	GlobalSection(SolutionProperties) = preSolution
		HideSolutionNode = FALSE
	EndGlobalSection
	GlobalSection(ExtensibilityGlobals) = postSolution
		SolutionGuid = {55234BD5-B35B-4EB8-8CE1-143EA90E0587}
	EndGlobalSection
EndGlobal
